Microsoft Visual Studio Solution File, Format Version 12.00
# Visual Studio Version 17
VisualStudioVersion = 17.5.2.0
MinimumVisualStudioVersion = 10.0.40219.1
Project("{2150E333-8FDC-42A3-9474-1A3956D46DE8}") = "classGame", "classGame", "{DF99475D-B63E-31F0-2732-14B5BE49DA3B}"
EndProject
Project("{2150E333-8FDC-42A3-9474-1A3956D46DE8}") = "team", "team", "{725E7CA4-39D8-6C14-B9F3-1B4003F7F9B9}"
EndProject
Project("{FAE04EC0-301F-11D3-BF4B-00C04F79EFBC}") = "Assembly-CSharp-Editor", "classGame\Assembly-CSharp-Editor.csproj", "{FA7D60CC-7EE7-26EF-4ECC-39A334625F26}"
EndProject
Project("{FAE04EC0-301F-11D3-BF4B-00C04F79EFBC}") = "Assembly-CSharp", "classGame\Assembly-CSharp.csproj", "{E2B8CE9D-CAEB-BA4B-DA6C-E675E1F82C17}"
EndProject
Project("{FAE04EC0-301F-11D3-BF4B-00C04F79EFBC}") = "Assembly-CSharp-Editor", "team\Assembly-CSharp-Editor.csproj", "{F7EDDF69-684D-E018-F724-2C8786B2E8B4}"
EndProject
Project("{FAE04EC0-301F-11D3-BF4B-00C04F79EFBC}") = "Assembly-CSharp", "team\Assembly-CSharp.csproj", "{3EE99A82-6D6A-A3D6-1EB9-CABCB0A14509}"
EndProject
Project("{2150E333-8FDC-42A3-9474-1A3956D46DE8}") = "team2", "team2", "{A9C2B316-33A6-8718-0C91-CC45EDD28083}"
EndProject
Project("{FAE04EC0-301F-11D3-BF4B-00C04F79EFBC}") = "Assembly-CSharp-Editor", "classGame\team2\Assembly-CSharp-Editor.csproj", "{9006DE12-9EF7-2C9E-35AC-82BDC73D6C25}"
EndProject
Project("{FAE04EC0-301F-11D3-BF4B-00C04F79EFBC}") = "Assembly-CSharp", "classGame\team2\Assembly-CSharp.csproj", "{FF1718AE-87F6-C104-9145-BB9E772C6141}"
EndProject
Project("{2150E333-8FDC-42A3-9474-1A3956D46DE8}") = "Library", "Library", "{0CA83FD1-EB7A-3679-7F7C-2708654FFB09}"
EndProject
Project("{2150E333-8FDC-42A3-9474-1A3956D46DE8}") = "PackageCache", "PackageCache", "{4713C91A-0FE1-B3CA-82AA-125C06B9885B}"
EndProject
Project("{2150E333-8FDC-42A3-9474-1A3956D46DE8}") = "com.unity.services.deployment@2ec29314f9ba", "com.unity.services.deployment@2ec29314f9ba", "{4AAABBD0-4067-EAAF-12AB-E61054C3C582}"
EndProject
Project("{2150E333-8FDC-42A3-9474-1A3956D46DE8}") = "NuGet~", "NuGet~", "{1D3B72E2-EAA4-C05C-7F84-D9973C6C452E}"
EndProject
Project("{FAE04EC0-301F-11D3-BF4B-00C04F79EFBC}") = "Unity.Services.Deployment.Core", "classGame\Library\PackageCache\com.unity.services.deployment@2ec29314f9ba\NuGet~\Unity.Services.Deployment.Core.csproj", "{9EA8AE4A-61B5-4C95-B3A1-379D3346C960}"
EndProject
Global
	GlobalSection(SolutionConfigurationPlatforms) = preSolution
		Debug|Any CPU = Debug|Any CPU
		Release|Any CPU = Release|Any CPU
	EndGlobalSection
	GlobalSection(ProjectConfigurationPlatforms) = postSolution
		{FA7D60CC-7EE7-26EF-4ECC-39A334625F26}.Debug|Any CPU.ActiveCfg = Debug|Any CPU
		{FA7D60CC-7EE7-26EF-4ECC-39A334625F26}.Debug|Any CPU.Build.0 = Debug|Any CPU
		{FA7D60CC-7EE7-26EF-4ECC-39A334625F26}.Release|Any CPU.ActiveCfg = Release|Any CPU
		{FA7D60CC-7EE7-26EF-4ECC-39A334625F26}.Release|Any CPU.Build.0 = Release|Any CPU
		{E2B8CE9D-CAEB-BA4B-DA6C-E675E1F82C17}.Debug|Any CPU.ActiveCfg = Debug|Any CPU
		{E2B8CE9D-CAEB-BA4B-DA6C-E675E1F82C17}.Debug|Any CPU.Build.0 = Debug|Any CPU
		{E2B8CE9D-CAEB-BA4B-DA6C-E675E1F82C17}.Release|Any CPU.ActiveCfg = Release|Any CPU
		{E2B8CE9D-CAEB-BA4B-DA6C-E675E1F82C17}.Release|Any CPU.Build.0 = Release|Any CPU
		{F7EDDF69-684D-E018-F724-2C8786B2E8B4}.Debug|Any CPU.ActiveCfg = Debug|Any CPU
		{F7EDDF69-684D-E018-F724-2C8786B2E8B4}.Debug|Any CPU.Build.0 = Debug|Any CPU
		{F7EDDF69-684D-E018-F724-2C8786B2E8B4}.Release|Any CPU.ActiveCfg = Release|Any CPU
		{F7EDDF69-684D-E018-F724-2C8786B2E8B4}.Release|Any CPU.Build.0 = Release|Any CPU
		{3EE99A82-6D6A-A3D6-1EB9-CABCB0A14509}.Debug|Any CPU.ActiveCfg = Debug|Any CPU
		{3EE99A82-6D6A-A3D6-1EB9-CABCB0A14509}.Debug|Any CPU.Build.0 = Debug|Any CPU
		{3EE99A82-6D6A-A3D6-1EB9-CABCB0A14509}.Release|Any CPU.ActiveCfg = Release|Any CPU
		{3EE99A82-6D6A-A3D6-1EB9-CABCB0A14509}.Release|Any CPU.Build.0 = Release|Any CPU
		{9006DE12-9EF7-2C9E-35AC-82BDC73D6C25}.Debug|Any CPU.ActiveCfg = Debug|Any CPU
		{9006DE12-9EF7-2C9E-35AC-82BDC73D6C25}.Debug|Any CPU.Build.0 = Debug|Any CPU
		{9006DE12-9EF7-2C9E-35AC-82BDC73D6C25}.Release|Any CPU.ActiveCfg = Release|Any CPU
		{9006DE12-9EF7-2C9E-35AC-82BDC73D6C25}.Release|Any CPU.Build.0 = Release|Any CPU
		{FF1718AE-87F6-C104-9145-BB9E772C6141}.Debug|Any CPU.ActiveCfg = Debug|Any CPU
		{FF1718AE-87F6-C104-9145-BB9E772C6141}.Debug|Any CPU.Build.0 = Debug|Any CPU
		{FF1718AE-87F6-C104-9145-BB9E772C6141}.Release|Any CPU.ActiveCfg = Release|Any CPU
		{FF1718AE-87F6-C104-9145-BB9E772C6141}.Release|Any CPU.Build.0 = Release|Any CPU
		{9EA8AE4A-61B5-4C95-B3A1-379D3346C960}.Debug|Any CPU.ActiveCfg = Debug|Any CPU
		{9EA8AE4A-61B5-4C95-B3A1-379D3346C960}.Debug|Any CPU.Build.0 = Debug|Any CPU
		{9EA8AE4A-61B5-4C95-B3A1-379D3346C960}.Release|Any CPU.ActiveCfg = Release|Any CPU
		{9EA8AE4A-61B5-4C95-B3A1-379D3346C960}.Release|Any CPU.Build.0 = Release|Any CPU
	EndGlobalSection
	GlobalSection(SolutionProperties) = preSolution
		HideSolutionNode = FALSE
	EndGlobalSection
	GlobalSection(NestedProjects) = preSolution
		{FA7D60CC-7EE7-26EF-4ECC-39A334625F26} = {DF99475D-B63E-31F0-2732-14B5BE49DA3B}
		{E2B8CE9D-CAEB-BA4B-DA6C-E675E1F82C17} = {DF99475D-B63E-31F0-2732-14B5BE49DA3B}
		{F7EDDF69-684D-E018-F724-2C8786B2E8B4} = {725E7CA4-39D8-6C14-B9F3-1B4003F7F9B9}
		{3EE99A82-6D6A-A3D6-1EB9-CABCB0A14509} = {725E7CA4-39D8-6C14-B9F3-1B4003F7F9B9}
		{A9C2B316-33A6-8718-0C91-CC45EDD28083} = {DF99475D-B63E-31F0-2732-14B5BE49DA3B}
		{9006DE12-9EF7-2C9E-35AC-82BDC73D6C25} = {A9C2B316-33A6-8718-0C91-CC45EDD28083}
		{FF1718AE-87F6-C104-9145-BB9E772C6141} = {A9C2B316-33A6-8718-0C91-CC45EDD28083}
		{0CA83FD1-EB7A-3679-7F7C-2708654FFB09} = {DF99475D-B63E-31F0-2732-14B5BE49DA3B}
		{4713C91A-0FE1-B3CA-82AA-125C06B9885B} = {0CA83FD1-EB7A-3679-7F7C-2708654FFB09}
		{4AAABBD0-4067-EAAF-12AB-E61054C3C582} = {4713C91A-0FE1-B3CA-82AA-125C06B9885B}
		{1D3B72E2-EAA4-C05C-7F84-D9973C6C452E} = {4AAABBD0-4067-EAAF-12AB-E61054C3C582}
		{9EA8AE4A-61B5-4C95-B3A1-379D3346C960} = {1D3B72E2-EAA4-C05C-7F84-D9973C6C452E}
	EndGlobalSection
	GlobalSection(ExtensibilityGlobals) = postSolution
		SolutionGuid = {7A2D0A52-80AE-439D-B25A-4E5BBED70EC1}
	EndGlobalSection
EndGlobal
